
Microsoft Visual Studio Solution File, Format Version 12.00
# Visual Studio 15
VisualStudioVersion = 15.0.28307.757
MinimumVisualStudioVersion = 10.0.40219.1
Project("{9A19103F-16F7-4668-BE54-9A1E7A4F7556}") = "Event", "src\Event\Event.csproj", "{70842F3D-5E90-4FC0-A7CC-5BBEAAF2BE5E}"
EndProject
Project("{9A19103F-16F7-4668-BE54-9A1E7A4F7556}") = "Worker", "src\Worker\Worker.csproj", "{AE822C90-5D95-4935-A76A-C981D971AC22}"
EndProject
Project("{9A19103F-16F7-4668-BE54-9A1E7A4F7556}") = "IoC", "src\IoC\IoC.csproj", "{385C2944-E562-4E6F-8FC9-DA099D9B4C5E}"
EndProject
Project("{9A19103F-16F7-4668-BE54-9A1E7A4F7556}") = "UI", "src\UI\UI.csproj", "{097B73B4-E228-4BB2-91B9-C9B4784A9A69}"
EndProject
Global
	GlobalSection(SolutionConfigurationPlatforms) = preSolution
		Debug|Any CPU = Debug|Any CPU
		Release|Any CPU = Release|Any CPU
	EndGlobalSection
	GlobalSection(ProjectConfigurationPlatforms) = postSolution
		{70842F3D-5E90-4FC0-A7CC-5BBEAAF2BE5E}.Debug|Any CPU.ActiveCfg = Debug|Any CPU
		{70842F3D-5E90-4FC0-A7CC-5BBEAAF2BE5E}.Debug|Any CPU.Build.0 = Debug|Any CPU
		{70842F3D-5E90-4FC0-A7CC-5BBEAAF2BE5E}.Release|Any CPU.ActiveCfg = Release|Any CPU
		{70842F3D-5E90-4FC0-A7CC-5BBEAAF2BE5E}.Release|Any CPU.Build.0 = Release|Any CPU
		{AE822C90-5D95-4935-A76A-C981D971AC22}.Debug|Any CPU.ActiveCfg = Debug|Any CPU
		{AE822C90-5D95-4935-A76A-C981D971AC22}.Debug|Any CPU.Build.0 = Debug|Any CPU
		{AE822C90-5D95-4935-A76A-C981D971AC22}.Release|Any CPU.ActiveCfg = Release|Any CPU
		{AE822C90-5D95-4935-A76A-C981D971AC22}.Release|Any CPU.Build.0 = Release|Any CPU
		{385C2944-E562-4E6F-8FC9-DA099D9B4C5E}.Debug|Any CPU.ActiveCfg = Debug|Any CPU
		{385C2944-E562-4E6F-8FC9-DA099D9B4C5E}.Debug|Any CPU.Build.0 = Debug|Any CPU
		{385C2944-E562-4E6F-8FC9-DA099D9B4C5E}.Release|Any CPU.ActiveCfg = Release|Any CPU
		{385C2944-E562-4E6F-8FC9-DA099D9B4C5E}.Release|Any CPU.Build.0 = Release|Any CPU
		{097B73B4-E228-4BB2-91B9-C9B4784A9A69}.Debug|Any CPU.ActiveCfg = Debug|Any CPU
		{097B73B4-E228-4BB2-91B9-C9B4784A9A69}.Debug|Any CPU.Build.0 = Debug|Any CPU
		{097B73B4-E228-4BB2-91B9-C9B4784A9A69}.Release|Any CPU.ActiveCfg = Release|Any CPU
		{097B73B4-E228-4BB2-91B9-C9B4784A9A69}.Release|Any CPU.Build.0 = Release|Any CPU
	EndGlobalSection
	GlobalSection(SolutionProperties) = preSolution
		HideSolutionNode = FALSE
	EndGlobalSection
	GlobalSection(ExtensibilityGlobals) = postSolution
		SolutionGuid = {450197ED-3CC7-4738-B860-48ED873D44C4}
	EndGlobalSection
EndGlobal
